PODS:
  - Flutter (1.0.0)
  - integration_test (0.0.1):
    - Flutter
  - secure_biometric_auth (0.0.1):
    - Flutter

DEPENDENCIES:
  - Flutter (from `Flutter`)
  - integration_test (from `.symlinks/plugins/integration_test/ios`)
  - secure_biometric_auth (from `.symlinks/plugins/secure_biometric_auth/ios`)

EXTERNAL SOURCES:
  Flutter:
    :path: Flutter
  integration_test:
    :path: ".symlinks/plugins/integration_test/ios"
  secure_biometric_auth:
    :path: ".symlinks/plugins/secure_biometric_auth/ios"

SPEC CHECKSUMS:
  Flutter: cabc95a1d2626b1b06e7179b784ebcf0c0cde467
  integration_test: 252f60fa39af5e17c3aa9899d35d908a0721b573
  secure_biometric_auth: 31fed8fb8015a97b9b0a51be138965166cd027be

PODFILE CHECKSUM: 9580a49fa2c095d51100c20f258df867100b916b

COCOAPODS: 1.16.2
